// !$*UTF8*$!
{
	archiveVersion = 1;
	classes = {
	};
	objectVersion = 50;
	objects = {

/* Begin PBXBuildFile section */
		3FB4C546240737C500F85D09 /* Reactions.swift in Sources */ = {isa = PBXBuildFile; fileRef = 3FB4C545240737C500F85D09 /* Reactions.swift */; };
		3FC308082401A4D20078B9E0 /* AppDelegate.swift in Sources */ = {isa = PBXBuildFile; fileRef = 3FC308072401A4D20078B9E0 /* AppDelegate.swift */; };
		3FC3080A2401A4D20078B9E0 /* SceneDelegate.swift in Sources */ = {isa = PBXBuildFile; fileRef = 3FC308092401A4D20078B9E0 /* SceneDelegate.swift */; };
		3FC3080C2401A4D20078B9E0 /* ReactionViewController.swift in Sources */ = {isa = PBXBuildFile; fileRef = 3FC3080B2401A4D20078B9E0 /* ReactionViewController.swift */; };
		3FC3080E2401A4D20078B9E0 /* ReactionsGraphViewController.swift in Sources */ = {isa = PBXBuildFile; fileRef = 3FC3080D2401A4D20078B9E0 /* ReactionsGraphViewController.swift */; };
		3FC308112401A4D20078B9E0 /* Main.storyboard in Resources */ = {isa = PBXBuildFile; fileRef = 3FC3080F2401A4D20078B9E0 /* Main.storyboard */; };
		3FC308132401A4D90078B9E0 /* Assets.xcassets in Resources */ = {isa = PBXBuildFile; fileRef = 3FC308122401A4D90078B9E0 /* Assets.xcassets */; };
		3FC308162401A4D90078B9E0 /* LaunchScreen.storyboard in Resources */ = {isa = PBXBuildFile; fileRef = 3FC308142401A4D90078B9E0 /* LaunchScreen.storyboard */; };
		3FC3081E2401B0880078B9E0 /* ReactionsLogViewController.swift in Sources */ = {isa = PBXBuildFile; fileRef = 3FC3081D2401B0880078B9E0 /* ReactionsLogViewController.swift */; };
		3FC308202401B1B40078B9E0 /* BACCalculatorViewController.swift in Sources */ = {isa = PBXBuildFile; fileRef = 3FC3081F2401B1B40078B9E0 /* BACCalculatorViewController.swift */; };
		3FC308222401B1E20078B9E0 /* BACFromIoTViewController.swift in Sources */ = {isa = PBXBuildFile; fileRef = 3FC308212401B1E20078B9E0 /* BACFromIoTViewController.swift */; };
/* End PBXBuildFile section */

/* Begin PBXFileReference section */
		3FB4C545240737C500F85D09 /* Reactions.swift */ = {isa = PBXFileReference; lastKnownFileType = sourcecode.swift; path = Reactions.swift; sourceTree = "<group>"; };
		3FC308042401A4D20078B9E0 /* BAC on two I's.app */ = {isa = PBXFileReference; explicitFileType = wrapper.application; includeInIndex = 0; path = "BAC on two I's.app"; sourceTree = BUILT_PRODUCTS_DIR; };
		3FC308072401A4D20078B9E0 /* AppDelegate.swift */ = {isa = PBXFileReference; lastKnownFileType = sourcecode.swift; path = AppDelegate.swift; sourceTree = "<group>"; };
		3FC308092401A4D20078B9E0 /* SceneDelegate.swift */ = {isa = PBXFileReference; lastKnownFileType = sourcecode.swift; path = SceneDelegate.swift; sourceTree = "<group>"; };
		3FC3080B2401A4D20078B9E0 /* ReactionViewController.swift */ = {isa = PBXFileReference; lastKnownFileType = sourcecode.swift; path = ReactionViewController.swift; sourceTree = "<group>"; };
		3FC3080D2401A4D20078B9E0 /* ReactionsGraphViewController.swift */ = {isa = PBXFileReference; lastKnownFileType = sourcecode.swift; path = ReactionsGraphViewController.swift; sourceTree = "<group>"; };
		3FC308102401A4D20078B9E0 /* Base */ = {isa = PBXFileReference; lastKnownFileType = file.storyboard; name = Base; path = Base.lproj/Main.storyboard; sourceTree = "<group>"; };
		3FC308122401A4D90078B9E0 /* Assets.xcassets */ = {isa = PBXFileReference; lastKnownFileType = folder.assetcatalog; path = Assets.xcassets; sourceTree = "<group>"; };
		3FC308152401A4D90078B9E0 /* Base */ = {isa = PBXFileReference; lastKnownFileType = file.storyboard; name = Base; path = Base.lproj/LaunchScreen.storyboard; sourceTree = "<group>"; };
		3FC308172401A4D90078B9E0 /* Info.plist */ = {isa = PBXFileReference; lastKnownFileType = text.plist.xml; path = Info.plist; sourceTree = "<group>"; };
		3FC3081D2401B0880078B9E0 /* ReactionsLogViewController.swift */ = {isa = PBXFileReference; lastKnownFileType = sourcecode.swift; path = ReactionsLogViewController.swift; sourceTree = "<group>"; };
		3FC3081F2401B1B40078B9E0 /* BACCalculatorViewController.swift */ = {isa = PBXFileReference; lastKnownFileType = sourcecode.swift; path = BACCalculatorViewController.swift; sourceTree = "<group>"; };
		3FC308212401B1E20078B9E0 /* BACFromIoTViewController.swift */ = {isa = PBXFileReference; lastKnownFileType = sourcecode.swift; path = BACFromIoTViewController.swift; sourceTree = "<group>"; };
/* End PBXFileReference section */

/* Begin PBXFrameworksBuildPhase section */
		3FC308012401A4D20078B9E0 /* Frameworks */ = {
			isa = PBXFrameworksBuildPhase;
			buildActionMask = 2147483647;
			files = (
			);
			runOnlyForDeploymentPostprocessing = 0;
		};
/* End PBXFrameworksBuildPhase section */

/* Begin PBXGroup section */
		3FC307FB2401A4D20078B9E0 = {
			isa = PBXGroup;
			children = (
				3FC308062401A4D20078B9E0 /* BAC on two I's */,
				3FC308052401A4D20078B9E0 /* Products */,
			);
			sourceTree = "<group>";
		};
		3FC308052401A4D20078B9E0 /* Products */ = {
			isa = PBXGroup;
			children = (
				3FC308042401A4D20078B9E0 /* BAC on two I's.app */,
			);
			name = Products;
			sourceTree = "<group>";
		};
		3FC308062401A4D20078B9E0 /* BAC on two I's */ = {
			isa = PBXGroup;
			children = (
				3FC308072401A4D20078B9E0 /* AppDelegate.swift */,
				3FC308092401A4D20078B9E0 /* SceneDelegate.swift */,
				3FC3080B2401A4D20078B9E0 /* ReactionViewController.swift */,
				3FC3080D2401A4D20078B9E0 /* ReactionsGraphViewController.swift */,
				3FC3081D2401B0880078B9E0 /* ReactionsLogViewController.swift */,
				3FC3081F2401B1B40078B9E0 /* BACCalculatorViewController.swift */,
				3FC308212401B1E20078B9E0 /* BACFromIoTViewController.swift */,
				3FC3080F2401A4D20078B9E0 /* Main.storyboard */,
				3FC308122401A4D90078B9E0 /* Assets.xcassets */,
				3FC308142401A4D90078B9E0 /* LaunchScreen.storyboard */,
				3FC308172401A4D90078B9E0 /* Info.plist */,
				3FB4C545240737C500F85D09 /* Reactions.swift */,
			);
			path = "BAC on two I's";
			sourceTree = "<group>";
		};
/* End PBXGroup section */

/* Begin PBXNativeTarget section */
		3FC308032401A4D20078B9E0 /* BAC on two I's */ = {
			isa = PBXNativeTarget;
			buildConfigurationList = 3FC3081A2401A4D90078B9E0 /* Build configuration list for PBXNativeTarget "BAC on two I's" */;
			buildPhases = (
				3FC308002401A4D20078B9E0 /* Sources */,
				3FC308012401A4D20078B9E0 /* Frameworks */,
				3FC308022401A4D20078B9E0 /* Resources */,
			);
			buildRules = (
			);
			dependencies = (
			);
			name = "BAC on two I's";
			productName = "BAC on two I's";
			productReference = 3FC308042401A4D20078B9E0 /* BAC on two I's.app */;
			productType = "com.apple.product-type.application";
		};
/* End PBXNativeTarget section */

/* Begin PBXProject section */
		3FC307FC2401A4D20078B9E0 /* Project object */ = {
			isa = PBXProject;
			attributes = {
				LastSwiftUpdateCheck = 1130;
				LastUpgradeCheck = 1130;
				ORGANIZATIONNAME = student;
				TargetAttributes = {
					3FC308032401A4D20078B9E0 = {
						CreatedOnToolsVersion = 11.3.1;
					};
				};
			};
			buildConfigurationList = 3FC307FF2401A4D20078B9E0 /* Build configuration list for PBXProject "BAC on two I's" */;
			compatibilityVersion = "Xcode 9.3";
			developmentRegion = en;
			hasScannedForEncodings = 0;
			knownRegions = (
				en,
				Base,
			);
			mainGroup = 3FC307FB2401A4D20078B9E0;
			productRefGroup = 3FC308052401A4D20078B9E0 /* Products */;
			projectDirPath = "";
			projectRoot = "";
			targets = (
				3FC308032401A4D20078B9E0 /* BAC on two I's */,
			);
		};
/* End PBXProject section */

/* Begin PBXResourcesBuildPhase section */
		3FC308022401A4D20078B9E0 /* Resources */ = {
			isa = PBXResourcesBuildPhase;
			buildActionMask = 2147483647;
			files = (
				3FC308162401A4D90078B9E0 /* LaunchScreen.storyboard in Resources */,
				3FC308132401A4D90078B9E0 /* Assets.xcassets in Resources */,
				3FC308112401A4D20078B9E0 /* Main.storyboard in Resources */,
			);
			runOnlyForDeploymentPostprocessing = 0;
		};
/* End PBXResourcesBuildPhase section */

/* Begin PBXSourcesBuildPhase section */
		3FC308002401A4D20078B9E0 /* Sources */ = {
			isa = PBXSourcesBuildPhase;
			buildActionMask = 2147483647;
			files = (
				3FC3080E2401A4D20078B9E0 /* ReactionsGraphViewController.swift in Sources */,
				3FC3080C2401A4D20078B9E0 /* ReactionViewController.swift in Sources */,
				3FB4C546240737C500F85D09 /* Reactions.swift in Sources */,
				3FC308082401A4D20078B9E0 /* AppDelegate.swift in Sources */,
				3FC308222401B1E20078B9E0 /* BACFromIoTViewController.swift in Sources */,
				3FC308202401B1B40078B9E0 /* BACCalculatorViewController.swift in Sources */,
				3FC3081E2401B0880078B9E0 /* ReactionsLogViewController.swift in Sources */,
				3FC3080A2401A4D20078B9E0 /* SceneDelegate.swift in Sources */,
			);
			runOnlyForDeploymentPostprocessing = 0;
		};
/* End PBXSourcesBuildPhase section */

/* Begin PBXVariantGroup section */
		3FC3080F2401A4D20078B9E0 /* Main.storyboard */ = {
			isa = PBXVariantGroup;
			children = (
				3FC308102401A4D20078B9E0 /* Base */,
			);
			name = Main.storyboard;
			sourceTree = "<group>";
		};
		3FC308142401A4D90078B9E0 /* LaunchScreen.storyboard */ = {
			isa = PBXVariantGroup;
			children = (
				3FC308152401A4D90078B9E0 /* Base */,
			);
			name = LaunchScreen.storyboard;
			sourceTree = "<group>";
		};
/* End PBXVariantGroup section */

/* Begin XCBuildConfiguration section */
		3FC308182401A4D90078B9E0 /* Debug */ = {
			isa = XCBuildConfiguration;
			buildSettings = {
				ALWAYS_SEARCH_USER_PATHS = NO;
				CLANG_ANALYZER_NONNULL = YES;
				CLANG_ANALYZER_NUMBER_OBJECT_CONVERSION = YES_AGGRESSIVE;
				CLANG_CXX_LANGUAGE_STANDARD = "gnu++14";
				CLANG_CXX_LIBRARY = "libc++";
				CLANG_ENABLE_MODULES = YES;
				CLANG_ENABLE_OBJC_ARC = YES;
				CLANG_ENABLE_OBJC_WEAK = YES;
				CLANG_WARN_BLOCK_CAPTURE_AUTORELEASING = YES;
				CLANG_WARN_BOOL_CONVERSION = YES;
				CLANG_WARN_COMMA = YES;
				CLANG_WARN_CONSTANT_CONVERSION = YES;
				CLANG_WARN_DEPRECATED_OBJC_IMPLEMENTATIONS = YES;
				CLANG_WARN_DIRECT_OBJC_ISA_USAGE = YES_ERROR;
				CLANG_WARN_DOCUMENTATION_COMMENTS = YES;
				CLANG_WARN_EMPTY_BODY = YES;
				CLANG_WARN_ENUM_CONVERSION = YES;
				CLANG_WARN_INFINITE_RECURSION = YES;
				CLANG_WARN_INT_CONVERSION = YES;
				CLANG_WARN_NON_LITERAL_NULL_CONVERSION = YES;
				CLANG_WARN_OBJC_IMPLICIT_RETAIN_SELF = YES;
				CLANG_WARN_OBJC_LITERAL_CONVERSION = YES;
				CLANG_WARN_OBJC_ROOT_CLASS = YES_ERROR;
				CLANG_WARN_RANGE_LOOP_ANALYSIS = YES;
				CLANG_WARN_STRICT_PROTOTYPES = YES;
				CLANG_WARN_SUSPICIOUS_MOVE = YES;
				CLANG_WARN_UNGUARDED_AVAILABILITY = YES_AGGRESSIVE;
				CLANG_WARN_UNREACHABLE_CODE = YES;
				CLANG_WARN__DUPLICATE_METHOD_MATCH = YES;
				COPY_PHASE_STRIP = NO;
				DEBUG_INFORMATION_FORMAT = dwarf;
				ENABLE_STRICT_OBJC_MSGSEND = YES;
				ENABLE_TESTABILITY = YES;
				GCC_C_LANGUAGE_STANDARD = gnu11;
				GCC_DYNAMIC_NO_PIC = NO;
				GCC_NO_COMMON_BLOCKS = YES;
				GCC_OPTIMIZATION_LEVEL = 0;
				GCC_PREPROCESSOR_DEFINITIONS = (
					"DEBUG=1",
					"$(inherited)",
				);
				GCC_WARN_64_TO_32_BIT_CONVERSION = YES;
				GCC_WARN_ABOUT_RETURN_TYPE = YES_ERROR;
				GCC_WARN_UNDECLARED_SELECTOR = YES;
				GCC_WARN_UNINITIALIZED_AUTOS = YES_AGGRESSIVE;
				GCC_WARN_UNUSED_FUNCTION = YES;
				GCC_WARN_UNUSED_VARIABLE = YES;
				IPHONEOS_DEPLOYMENT_TARGET = 13.2;
				MTL_ENABLE_DEBUG_INFO = INCLUDE_SOURCE;
				MTL_FAST_MATH = YES;
				ONLY_ACTIVE_ARCH = YES;
				SDKROOT = iphoneos;
				SWIFT_ACTIVE_COMPILATION_CONDITIONS = DEBUG;
				SWIFT_OPTIMIZATION_LEVEL = "-Onone";
			};
			name = Debug;
		};
		3FC308192401A4D90078B9E0 /* Release */ = {
			isa = XCBuildConfiguration;
			buildSettings = {
				ALWAYS_SEARCH_USER_PATHS = NO;
				CLANG_ANALYZER_NONNULL = YES;
				CLANG_ANALYZER_NUMBER_OBJECT_CONVERSION = YES_AGGRESSIVE;
				CLANG_CXX_LANGUAGE_STANDARD = "gnu++14";
				CLANG_CXX_LIBRARY = "libc++";
				CLANG_ENABLE_MODULES = YES;
				CLANG_ENABLE_OBJC_ARC = YES;
				CLANG_ENABLE_OBJC_WEAK = YES;
				CLANG_WARN_BLOCK_CAPTURE_AUTORELEASING = YES;
				CLANG_WARN_BOOL_CONVERSION = YES;
				CLANG_WARN_COMMA = YES;
				CLANG_WARN_CONSTANT_CONVERSION = YES;
				CLANG_WARN_DEPRECATED_OBJC_IMPLEMENTATIONS = YES;
				CLANG_WARN_DIRECT_OBJC_ISA_USAGE = YES_ERROR;
				CLANG_WARN_DOCUMENTATION_COMMENTS = YES;
				CLANG_WARN_EMPTY_BODY = YES;
				CLANG_WARN_ENUM_CONVERSION = YES;
				CLANG_WARN_INFINITE_RECURSION = YES;
				CLANG_WARN_INT_CONVERSION = YES;
				CLANG_WARN_NON_LITERAL_NULL_CONVERSION = YES;
				CLANG_WARN_OBJC_IMPLICIT_RETAIN_SELF = YES;
				CLANG_WARN_OBJC_LITERAL_CONVERSION = YES;
				CLANG_WARN_OBJC_ROOT_CLASS = YES_ERROR;
				CLANG_WARN_RANGE_LOOP_ANALYSIS = YES;
				CLANG_WARN_STRICT_PROTOTYPES = YES;
				CLANG_WARN_SUSPICIOUS_MOVE = YES;
				CLANG_WARN_UNGUARDED_AVAILABILITY = YES_AGGRESSIVE;
				CLANG_WARN_UNREACHABLE_CODE = YES;
				CLANG_WARN__DUPLICATE_METHOD_MATCH = YES;
				COPY_PHASE_STRIP = NO;
				DEBUG_INFORMATION_FORMAT = "dwarf-with-dsym";
				ENABLE_NS_ASSERTIONS = NO;
				ENABLE_STRICT_OBJC_MSGSEND = YES;
				GCC_C_LANGUAGE_STANDARD = gnu11;
				GCC_NO_COMMON_BLOCKS = YES;
				GCC_WARN_64_TO_32_BIT_CONVERSION = YES;
				GCC_WARN_ABOUT_RETURN_TYPE = YES_ERROR;
				GCC_WARN_UNDECLARED_SELECTOR = YES;
				GCC_WARN_UNINITIALIZED_AUTOS = YES_AGGRESSIVE;
				GCC_WARN_UNUSED_FUNCTION = YES;
				GCC_WARN_UNUSED_VARIABLE = YES;
				IPHONEOS_DEPLOYMENT_TARGET = 13.2;
				MTL_ENABLE_DEBUG_INFO = NO;
				MTL_FAST_MATH = YES;
				SDKROOT = iphoneos;
				SWIFT_COMPILATION_MODE = wholemodule;
				SWIFT_OPTIMIZATION_LEVEL = "-O";
				VALIDATE_PRODUCT = YES;
			};
			name = Release;
		};
		3FC3081B2401A4D90078B9E0 /* Debug */ = {
			isa = XCBuildConfiguration;
			buildSettings = {
				ASSETCATALOG_COMPILER_APPICON_NAME = AppIcon;
				CODE_SIGN_STYLE = Automatic;
				INFOPLIST_FILE = "BAC on two I's/Info.plist";
				LD_RUNPATH_SEARCH_PATHS = (
					"$(inherited)",
					"@executable_path/Frameworks",
				);
				PRODUCT_BUNDLE_IDENTIFIER = "edu.nwmissouri.BAC-on-two-I-s";
				PRODUCT_NAME = "$(TARGET_NAME)";
				SWIFT_VERSION = 5.0;
				TARGETED_DEVICE_FAMILY = "1,2";
			};
			name = Debug;
		};
		3FC3081C2401A4D90078B9E0 /* Release */ = {
			isa = XCBuildConfiguration;
			buildSettings = {
				ASSETCATALOG_COMPILER_APPICON_NAME = AppIcon;
				CODE_SIGN_STYLE = Automatic;
				INFOPLIST_FILE = "BAC on two I's/Info.plist";
				LD_RUNPATH_SEARCH_PATHS = (
					"$(inherited)",
					"@executable_path/Frameworks",
				);
				PRODUCT_BUNDLE_IDENTIFIER = "edu.nwmissouri.BAC-on-two-I-s";
				PRODUCT_NAME = "$(TARGET_NAME)";
				SWIFT_VERSION = 5.0;
				TARGETED_DEVICE_FAMILY = "1,2";
			};
			name = Release;
		};
/* End XCBuildConfiguration section */

/* Begin XCConfigurationList section */
		3FC307FF2401A4D20078B9E0 /* Build configuration list for PBXProject "BAC on two I's" */ = {
			isa = XCConfigurationList;
			buildConfigurations = (
				3FC308182401A4D90078B9E0 /* Debug */,
				3FC308192401A4D90078B9E0 /* Release */,
			);
			defaultConfigurationIsVisible = 0;
			defaultConfigurationName = Release;
		};
		3FC3081A2401A4D90078B9E0 /* Build configuration list for PBXNativeTarget "BAC on two I's" */ = {
			isa = XCConfigurationList;
			buildConfigurations = (
				3FC3081B2401A4D90078B9E0 /* Debug */,
				3FC3081C2401A4D90078B9E0 /* Release */,
			);
			defaultConfigurationIsVisible = 0;
			defaultConfigurationName = Release;
		};
/* End XCConfigurationList section */
	};
	rootObject = 3FC307FC2401A4D20078B9E0 /* Project object */;
}
